{
  "name": "float-to-fraction",
  "version": "1.0.6",
  "lockfileVersion": 2,
  "requires": true,
  "packages": {
    "": {
      "version": "1.0.6",
      "hasInstallScript": true,
      "license": "ISC",
      "dependencies": {
        "float-to-fraction": "^1.0.6",
        "user": "^0.0.0"
      }
    },
    "node_modules/float-to-fraction": {
      "version": "1.0.6",
      "resolved": "https://registry.npmjs.org/float-to-fraction/-/float-to-fraction-1.0.6.tgz",
      "integrity": "sha512-z9LO4xsuiQVYBYwXZhqng226gk75bmn/LtftTx2Ctjf+OBJqt+naWE8LF0V4yscH8qm3T/Ekwm36kmgWSqPKig==",
      "hasInstallScript": true
    },
    "node_modules/user": {
      "version": "0.0.0",
      "resolved": "https://registry.npmjs.org/user/-/user-0.0.0.tgz",
      "integrity": "sha1-8n8bI/xRHyqO+kDbVc+6Ejgk4Co="
    }
  },
  "dependencies": {
    "float-to-fraction": {
      "version": "1.0.6",
      "resolved": "https://registry.npmjs.org/float-to-fraction/-/float-to-fraction-1.0.6.tgz",
      "integrity": "sha512-z9LO4xsuiQVYBYwXZhqng226gk75bmn/LtftTx2Ctjf+OBJqt+naWE8LF0V4yscH8qm3T/Ekwm36kmgWSqPKig=="
    },
    "user": {
      "version": "0.0.0",
      "resolved": "https://registry.npmjs.org/user/-/user-0.0.0.tgz",
      "integrity": "sha1-8n8bI/xRHyqO+kDbVc+6Ejgk4Co="
    }
  }
}
